
Microsoft Visual Studio Solution File, Format Version 12.00
# Visual Studio Version 17
VisualStudioVersion = 17.4.33403.182
MinimumVisualStudioVersion = 10.0.40219.1
Project("{FAE04EC0-301F-11D3-BF4B-00C04F79EFBC}") = "kkk", "kkk.csproj", "{1AB918D2-4862-4865-923E-F4EBB5B03B0A}"
EndProject
Global
	GlobalSection(SolutionConfigurationPlatforms) = preSolution
		Debug|Any CPU = Debug|Any CPU
		Release|Any CPU = Release|Any CPU
	EndGlobalSection
	GlobalSection(ProjectConfigurationPlatforms) = postSolution
		{1AB918D2-4862-4865-923E-F4EBB5B03B0A}.Debug|Any CPU.ActiveCfg = Debug|Any CPU
		{1AB918D2-4862-4865-923E-F4EBB5B03B0A}.Debug|Any CPU.Build.0 = Debug|Any CPU
		{1AB918D2-4862-4865-923E-F4EBB5B03B0A}.Release|Any CPU.ActiveCfg = Release|Any CPU
		{1AB918D2-4862-4865-923E-F4EBB5B03B0A}.Release|Any CPU.Build.0 = Release|Any CPU
	EndGlobalSection
	GlobalSection(SolutionProperties) = preSolution
		HideSolutionNode = FALSE
	EndGlobalSection
	GlobalSection(ExtensibilityGlobals) = postSolution
		SolutionGuid = {46168F0F-7C3D-493C-9EC9-42AA01AFADD8}
	EndGlobalSection
EndGlobal
